
Microsoft Visual Studio Solution File, Format Version 12.00
# Visual Studio Version 17
VisualStudioVersion = 17.13.35931.197
MinimumVisualStudioVersion = 10.0.40219.1
Project("{FAE04EC0-301F-11D3-BF4B-00C04F79EFBC}") = "DuAnTotNghiep_FrontEnd", "DuAnTotNghiep_FrontEnd\DuAnTotNghiep_FrontEnd.csproj", "{CDF88D1D-B1F4-46B8-B042-68E1D1771C31}"
EndProject
Global
	GlobalSection(SolutionConfigurationPlatforms) = preSolution
		Debug|Any CPU = Debug|Any CPU
		Release|Any CPU = Release|Any CPU
	EndGlobalSection
	GlobalSection(ProjectConfigurationPlatforms) = postSolution
		{CDF88D1D-B1F4-46B8-B042-68E1D1771C31}.Debug|Any CPU.ActiveCfg = Debug|Any CPU
		{CDF88D1D-B1F4-46B8-B042-68E1D1771C31}.Debug|Any CPU.Build.0 = Debug|Any CPU
		{CDF88D1D-B1F4-46B8-B042-68E1D1771C31}.Release|Any CPU.ActiveCfg = Release|Any CPU
		{CDF88D1D-B1F4-46B8-B042-68E1D1771C31}.Release|Any CPU.Build.0 = Release|Any CPU
	EndGlobalSection
	GlobalSection(SolutionProperties) = preSolution
		HideSolutionNode = FALSE
	EndGlobalSection
	GlobalSection(ExtensibilityGlobals) = postSolution
		SolutionGuid = {4D602084-505D-486A-BE88-DDF267C8F8DC}
	EndGlobalSection
EndGlobal
